
Microsoft Visual Studio Solution File, Format Version 11.00
# Visual Studio 2010
Project("{F14B399A-7131-4C87-9E4B-1186C45EF12D}") = "SQLCMDBReports", "SQLCMDBReports\SQLCMDBReports.rptproj", "{B3AEF3D3-6CAC-4DB2-95CE-DEC938C2F1A4}"
EndProject
Global
	GlobalSection(SolutionConfigurationPlatforms) = preSolution
		Debug|Default = Debug|Default
		DebugLocal|Default = DebugLocal|Default
		Release|Default = Release|Default
	EndGlobalSection
	GlobalSection(ProjectConfigurationPlatforms) = postSolution
		{B3AEF3D3-6CAC-4DB2-95CE-DEC938C2F1A4}.Debug|Default.ActiveCfg = Debug
		{B3AEF3D3-6CAC-4DB2-95CE-DEC938C2F1A4}.Debug|Default.Build.0 = DebugLocal
		{B3AEF3D3-6CAC-4DB2-95CE-DEC938C2F1A4}.Debug|Default.Deploy.0 = DebugLocal
		{B3AEF3D3-6CAC-4DB2-95CE-DEC938C2F1A4}.DebugLocal|Default.ActiveCfg = DebugLocal
		{B3AEF3D3-6CAC-4DB2-95CE-DEC938C2F1A4}.DebugLocal|Default.Build.0 = DebugLocal
		{B3AEF3D3-6CAC-4DB2-95CE-DEC938C2F1A4}.Release|Default.ActiveCfg = Release
		{B3AEF3D3-6CAC-4DB2-95CE-DEC938C2F1A4}.Release|Default.Build.0 = Release
		{B3AEF3D3-6CAC-4DB2-95CE-DEC938C2F1A4}.Release|Default.Deploy.0 = Release
	EndGlobalSection
	GlobalSection(SolutionProperties) = preSolution
		HideSolutionNode = FALSE
	EndGlobalSection
EndGlobal
